
Microsoft Visual Studio Solution File, Format Version 12.00
# Visual Studio 14
VisualStudioVersion = 14.0.25123.0
MinimumVisualStudioVersion = 10.0.40219.1
Project("{FAE04EC0-301F-11D3-BF4B-00C04F79EFBC}") = "FastFileAccessExtension", "FastFileAccessExtension\FastFileAccessExtension.csproj", "{C1F2AC2E-2964-4A0F-A243-CC3FC3848BB3}"
EndProject
Project("{2150E333-8FDC-42A3-9474-1A3956D46DE8}") = "Solution Items", "Solution Items", "{3F68940B-4F73-48E8-B802-F28BA50EEE99}"
	ProjectSection(SolutionItems) = preProject
		CHANGELOG.md = CHANGELOG.md
		README.md = README.md
	EndProjectSection
EndProject
Global
	GlobalSection(SolutionConfigurationPlatforms) = preSolution
		Debug|Any CPU = Debug|Any CPU
		Release|Any CPU = Release|Any CPU
	EndGlobalSection
	GlobalSection(ProjectConfigurationPlatforms) = postSolution
		{C1F2AC2E-2964-4A0F-A243-CC3FC3848BB3}.Debug|Any CPU.ActiveCfg = Debug|Any CPU
		{C1F2AC2E-2964-4A0F-A243-CC3FC3848BB3}.Debug|Any CPU.Build.0 = Debug|Any CPU
		{C1F2AC2E-2964-4A0F-A243-CC3FC3848BB3}.Release|Any CPU.ActiveCfg = Release|Any CPU
		{C1F2AC2E-2964-4A0F-A243-CC3FC3848BB3}.Release|Any CPU.Build.0 = Release|Any CPU
	EndGlobalSection
	GlobalSection(SolutionProperties) = preSolution
		HideSolutionNode = FALSE
	EndGlobalSection
EndGlobal
